// !$*UTF8*$!
{
	archiveVersion = 1;
	classes = {
	};
	objectVersion = 56;
	objects = {

/* Begin PBXBuildFile section */
		F4355D1B2AF215FD00C70622 /* SearchCoordinator.swift in Sources */ = {isa = PBXBuildFile; fileRef = F4355D1A2AF215FD00C70622 /* SearchCoordinator.swift */; };
		F47C91742AF0BC1900F3D587 /* AppDelegate.swift in Sources */ = {isa = PBXBuildFile; fileRef = F47C91732AF0BC1900F3D587 /* AppDelegate.swift */; };
		F47C91762AF0BC1900F3D587 /* SceneDelegate.swift in Sources */ = {isa = PBXBuildFile; fileRef = F47C91752AF0BC1900F3D587 /* SceneDelegate.swift */; };
		F47C91782AF0BC1900F3D587 /* SearchViewController.swift in Sources */ = {isa = PBXBuildFile; fileRef = F47C91772AF0BC1900F3D587 /* SearchViewController.swift */; };
		F47C917D2AF0BC1C00F3D587 /* Assets.xcassets in Resources */ = {isa = PBXBuildFile; fileRef = F47C917C2AF0BC1C00F3D587 /* Assets.xcassets */; };
		F47C91802AF0BC1C00F3D587 /* LaunchScreen.storyboard in Resources */ = {isa = PBXBuildFile; fileRef = F47C917E2AF0BC1C00F3D587 /* LaunchScreen.storyboard */; };
		F47C91892AF0BC7600F3D587 /* AppCoordinator.swift in Sources */ = {isa = PBXBuildFile; fileRef = F47C91882AF0BC7600F3D587 /* AppCoordinator.swift */; };
		F47C91912AF0F0CF00F3D587 /* QueryBuilder.swift in Sources */ = {isa = PBXBuildFile; fileRef = F47C91902AF0F0CF00F3D587 /* QueryBuilder.swift */; };
		F47C91932AF0F10C00F3D587 /* NetworkManager.swift in Sources */ = {isa = PBXBuildFile; fileRef = F47C91922AF0F10C00F3D587 /* NetworkManager.swift */; };
		F47C919B2AF0F8C500F3D587 /* SearchGithubUnitTests.swift in Sources */ = {isa = PBXBuildFile; fileRef = F47C919A2AF0F8C500F3D587 /* SearchGithubUnitTests.swift */; };
		F47C91A32AF0F8EB00F3D587 /* QueryBuilderUnitTests.swift in Sources */ = {isa = PBXBuildFile; fileRef = F47C91A22AF0F8EB00F3D587 /* QueryBuilderUnitTests.swift */; };
		F47C91A52AF0FAF400F3D587 /* NetworkingManagerUnitTests.swift in Sources */ = {isa = PBXBuildFile; fileRef = F47C91A42AF0FAF400F3D587 /* NetworkingManagerUnitTests.swift */; };
		F47C91A82AF0FD4900F3D587 /* MockURLSession.swift in Sources */ = {isa = PBXBuildFile; fileRef = F47C91A72AF0FD4900F3D587 /* MockURLSession.swift */; };
		F4B0ACD22AF22A3500E672D5 /* SearchViewModel.swift in Sources */ = {isa = PBXBuildFile; fileRef = F4B0ACD12AF22A3500E672D5 /* SearchViewModel.swift */; };
		F4C4BA8A2AF3690600FFB4B2 /* RemoteImage.swift in Sources */ = {isa = PBXBuildFile; fileRef = F4C4BA892AF3690600FFB4B2 /* RemoteImage.swift */; };
		F4C4BA8E2AF3692D00FFB4B2 /* GitUserProfileCoordinator.swift in Sources */ = {isa = PBXBuildFile; fileRef = F4C4BA8C2AF3692D00FFB4B2 /* GitUserProfileCoordinator.swift */; };
		F4C4BA8F2AF3692D00FFB4B2 /* GitUserProfileViewController.swift in Sources */ = {isa = PBXBuildFile; fileRef = F4C4BA8D2AF3692D00FFB4B2 /* GitUserProfileViewController.swift */; };
		F4C4BA922AF3699700FFB4B2 /* RxCocoa in Frameworks */ = {isa = PBXBuildFile; productRef = F4C4BA912AF3699700FFB4B2 /* RxCocoa */; };
		F4C4BA942AF3699700FFB4B2 /* RxRelay in Frameworks */ = {isa = PBXBuildFile; productRef = F4C4BA932AF3699700FFB4B2 /* RxRelay */; };
		F4C4BA962AF3699700FFB4B2 /* RxSwift in Frameworks */ = {isa = PBXBuildFile; productRef = F4C4BA952AF3699700FFB4B2 /* RxSwift */; };
		F4C4BA9B2AF36AAF00FFB4B2 /* SearchResultsViewController.swift in Sources */ = {isa = PBXBuildFile; fileRef = F4C4BA982AF36AAF00FFB4B2 /* SearchResultsViewController.swift */; };
		F4C4BA9C2AF36AAF00FFB4B2 /* SearchResultsTableCell.swift in Sources */ = {isa = PBXBuildFile; fileRef = F4C4BA992AF36AAF00FFB4B2 /* SearchResultsTableCell.swift */; };
		F4C4BA9D2AF36AAF00FFB4B2 /* SearchResultsViewModel.swift in Sources */ = {isa = PBXBuildFile; fileRef = F4C4BA9A2AF36AAF00FFB4B2 /* SearchResultsViewModel.swift */; };
		F4C4BA9F2AF394DF00FFB4B2 /* GitUserProfileViewModel.swift in Sources */ = {isa = PBXBuildFile; fileRef = F4C4BA9E2AF394DF00FFB4B2 /* GitUserProfileViewModel.swift */; };
		F4C4BAA12AF39D9C00FFB4B2 /* GitUserModel.swift in Sources */ = {isa = PBXBuildFile; fileRef = F4C4BAA02AF39D9C00FFB4B2 /* GitUserModel.swift */; };
		F4C4BAA42AF39F5400FFB4B2 /* EngagementViewModel.swift in Sources */ = {isa = PBXBuildFile; fileRef = F4C4BAA32AF39F5400FFB4B2 /* EngagementViewModel.swift */; };
		F4C4BAA62AF39F8200FFB4B2 /* EngagementViewController.swift in Sources */ = {isa = PBXBuildFile; fileRef = F4C4BAA52AF39F8200FFB4B2 /* EngagementViewController.swift */; };
		F4C4BAA82AF3A61C00FFB4B2 /* EngagementCoordinator.swift in Sources */ = {isa = PBXBuildFile; fileRef = F4C4BAA72AF3A61C00FFB4B2 /* EngagementCoordinator.swift */; };
		F4C4BAAB2AF3D77A00FFB4B2 /* ViewModelsUnitTests.swift in Sources */ = {isa = PBXBuildFile; fileRef = F4C4BAAA2AF3D77A00FFB4B2 /* ViewModelsUnitTests.swift */; };
		F4C4BAAD2AF3D7C000FFB4B2 /* SearchResultsUnitTests.swift in Sources */ = {isa = PBXBuildFile; fileRef = F4C4BAAC2AF3D7C000FFB4B2 /* SearchResultsUnitTests.swift */; };
		F4C4BAAF2AF3D81800FFB4B2 /* GitUserProfileViewModelUnitTests.swift in Sources */ = {isa = PBXBuildFile; fileRef = F4C4BAAE2AF3D81800FFB4B2 /* GitUserProfileViewModelUnitTests.swift */; };
		F4C4BAB12AF3D88F00FFB4B2 /* SearchViewModelUnitTests.swift in Sources */ = {isa = PBXBuildFile; fileRef = F4C4BAB02AF3D88F00FFB4B2 /* SearchViewModelUnitTests.swift */; };
		F4C4BAB32AF3D8CF00FFB4B2 /* EngagementViewModelUnitTests.swift in Sources */ = {isa = PBXBuildFile; fileRef = F4C4BAB22AF3D8CF00FFB4B2 /* EngagementViewModelUnitTests.swift */; };
		F4C4BAB62AF3DB6000FFB4B2 /* LocalDataManager.xcdatamodeld in Sources */ = {isa = PBXBuildFile; fileRef = F4C4BAB42AF3DB6000FFB4B2 /* LocalDataManager.xcdatamodeld */; };
		F4C4BAB92AF3DD6E00FFB4B2 /* CoreDataManager.swift in Sources */ = {isa = PBXBuildFile; fileRef = F4C4BAB82AF3DD6E00FFB4B2 /* CoreDataManager.swift */; };
		F4C4BABB2AF4C06600FFB4B2 /* StoredGitUsersTableCell.swift in Sources */ = {isa = PBXBuildFile; fileRef = F4C4BABA2AF4C06600FFB4B2 /* StoredGitUsersTableCell.swift */; };
		F4C4BABE2AF4C11D00FFB4B2 /* GitUserProfileView.swift in Sources */ = {isa = PBXBuildFile; fileRef = F4C4BABD2AF4C11D00FFB4B2 /* GitUserProfileView.swift */; };
		F4C4BAC12AF4ECAB00FFB4B2 /* GitUser+CoreDataClass.swift in Sources */ = {isa = PBXBuildFile; fileRef = F4C4BABF2AF4ECAB00FFB4B2 /* GitUser+CoreDataClass.swift */; };
/* End PBXBuildFile section */

/* Begin PBXContainerItemProxy section */
		F47C919C2AF0F8C500F3D587 /* PBXContainerItemProxy */ = {
			isa = PBXContainerItemProxy;
			containerPortal = F47C91682AF0BC1900F3D587 /* Project object */;
			proxyType = 1;
			remoteGlobalIDString = F47C916F2AF0BC1900F3D587;
			remoteInfo = SearchGithub;
		};
/* End PBXContainerItemProxy section */

/* Begin PBXFileReference section */
		F4355D1A2AF215FD00C70622 /* SearchCoordinator.swift */ = {isa = PBXFileReference; lastKnownFileType = sourcecode.swift; path = SearchCoordinator.swift; sourceTree = "<group>"; };
		F47C91702AF0BC1900F3D587 /* SearchGithub.app */ = {isa = PBXFileReference; explicitFileType = wrapper.application; includeInIndex = 0; path = SearchGithub.app; sourceTree = BUILT_PRODUCTS_DIR; };
		F47C91732AF0BC1900F3D587 /* AppDelegate.swift */ = {isa = PBXFileReference; lastKnownFileType = sourcecode.swift; path = AppDelegate.swift; sourceTree = "<group>"; };
		F47C91752AF0BC1900F3D587 /* SceneDelegate.swift */ = {isa = PBXFileReference; lastKnownFileType = sourcecode.swift; path = SceneDelegate.swift; sourceTree = "<group>"; };
		F47C91772AF0BC1900F3D587 /* SearchViewController.swift */ = {isa = PBXFileReference; lastKnownFileType = sourcecode.swift; path = SearchViewController.swift; sourceTree = "<group>"; };
		F47C917C2AF0BC1C00F3D587 /* Assets.xcassets */ = {isa = PBXFileReference; lastKnownFileType = folder.assetcatalog; path = Assets.xcassets; sourceTree = "<group>"; };
		F47C917F2AF0BC1C00F3D587 /* Base */ = {isa = PBXFileReference; lastKnownFileType = file.storyboard; name = Base; path = Base.lproj/LaunchScreen.storyboard; sourceTree = "<group>"; };
		F47C91812AF0BC1C00F3D587 /* Info.plist */ = {isa = PBXFileReference; lastKnownFileType = text.plist.xml; path = Info.plist; sourceTree = "<group>"; };
		F47C91882AF0BC7600F3D587 /* AppCoordinator.swift */ = {isa = PBXFileReference; lastKnownFileType = sourcecode.swift; path = AppCoordinator.swift; sourceTree = "<group>"; };
		F47C91902AF0F0CF00F3D587 /* QueryBuilder.swift */ = {isa = PBXFileReference; lastKnownFileType = sourcecode.swift; path = QueryBuilder.swift; sourceTree = "<group>"; };
		F47C91922AF0F10C00F3D587 /* NetworkManager.swift */ = {isa = PBXFileReference; lastKnownFileType = sourcecode.swift; path = NetworkManager.swift; sourceTree = "<group>"; };
		F47C91982AF0F8C400F3D587 /* SearchGithubUnitTests.xctest */ = {isa = PBXFileReference; explicitFileType = wrapper.cfbundle; includeInIndex = 0; path = SearchGithubUnitTests.xctest; sourceTree = BUILT_PRODUCTS_DIR; };
		F47C919A2AF0F8C500F3D587 /* SearchGithubUnitTests.swift */ = {isa = PBXFileReference; lastKnownFileType = sourcecode.swift; path = SearchGithubUnitTests.swift; sourceTree = "<group>"; };
		F47C91A22AF0F8EB00F3D587 /* QueryBuilderUnitTests.swift */ = {isa = PBXFileReference; lastKnownFileType = sourcecode.swift; path = QueryBuilderUnitTests.swift; sourceTree = "<group>"; };
		F47C91A42AF0FAF400F3D587 /* NetworkingManagerUnitTests.swift */ = {isa = PBXFileReference; lastKnownFileType = sourcecode.swift; path = NetworkingManagerUnitTests.swift; sourceTree = "<group>"; };
		F47C91A72AF0FD4900F3D587 /* MockURLSession.swift */ = {isa = PBXFileReference; lastKnownFileType = sourcecode.swift; path = MockURLSession.swift; sourceTree = "<group>"; };
		F4B0ACD12AF22A3500E672D5 /* SearchViewModel.swift */ = {isa = PBXFileReference; lastKnownFileType = sourcecode.swift; path = SearchViewModel.swift; sourceTree = "<group>"; };
		F4C4BA892AF3690600FFB4B2 /* RemoteImage.swift */ = {isa = PBXFileReference; fileEncoding = 4; lastKnownFileType = sourcecode.swift; path = RemoteImage.swift; sourceTree = "<group>"; };
		F4C4BA8C2AF3692D00FFB4B2 /* GitUserProfileCoordinator.swift */ = {isa = PBXFileReference; fileEncoding = 4; lastKnownFileType = sourcecode.swift; path = GitUserProfileCoordinator.swift; sourceTree = "<group>"; };
		F4C4BA8D2AF3692D00FFB4B2 /* GitUserProfileViewController.swift */ = {isa = PBXFileReference; fileEncoding = 4; lastKnownFileType = sourcecode.swift; path = GitUserProfileViewController.swift; sourceTree = "<group>"; };
		F4C4BA982AF36AAF00FFB4B2 /* SearchResultsViewController.swift */ = {isa = PBXFileReference; fileEncoding = 4; lastKnownFileType = sourcecode.swift; path = SearchResultsViewController.swift; sourceTree = "<group>"; };
		F4C4BA992AF36AAF00FFB4B2 /* SearchResultsTableCell.swift */ = {isa = PBXFileReference; fileEncoding = 4; lastKnownFileType = sourcecode.swift; path = SearchResultsTableCell.swift; sourceTree = "<group>"; };
		F4C4BA9A2AF36AAF00FFB4B2 /* SearchResultsViewModel.swift */ = {isa = PBXFileReference; fileEncoding = 4; lastKnownFileType = sourcecode.swift; path = SearchResultsViewModel.swift; sourceTree = "<group>"; };
		F4C4BA9E2AF394DF00FFB4B2 /* GitUserProfileViewModel.swift */ = {isa = PBXFileReference; lastKnownFileType = sourcecode.swift; path = GitUserProfileViewModel.swift; sourceTree = "<group>"; };
		F4C4BAA02AF39D9C00FFB4B2 /* GitUserModel.swift */ = {isa = PBXFileReference; lastKnownFileType = sourcecode.swift; path = GitUserModel.swift; sourceTree = "<group>"; };
		F4C4BAA32AF39F5400FFB4B2 /* EngagementViewModel.swift */ = {isa = PBXFileReference; lastKnownFileType = sourcecode.swift; path = EngagementViewModel.swift; sourceTree = "<group>"; };
		F4C4BAA52AF39F8200FFB4B2 /* EngagementViewController.swift */ = {isa = PBXFileReference; lastKnownFileType = sourcecode.swift; path = EngagementViewController.swift; sourceTree = "<group>"; };
		F4C4BAA72AF3A61C00FFB4B2 /* EngagementCoordinator.swift */ = {isa = PBXFileReference; lastKnownFileType = sourcecode.swift; path = EngagementCoordinator.swift; sourceTree = "<group>"; };
		F4C4BAAA2AF3D77A00FFB4B2 /* ViewModelsUnitTests.swift */ = {isa = PBXFileReference; lastKnownFileType = sourcecode.swift; path = ViewModelsUnitTests.swift; sourceTree = "<group>"; };
		F4C4BAAC2AF3D7C000FFB4B2 /* SearchResultsUnitTests.swift */ = {isa = PBXFileReference; lastKnownFileType = sourcecode.swift; path = SearchResultsUnitTests.swift; sourceTree = "<group>"; };
		F4C4BAAE2AF3D81800FFB4B2 /* GitUserProfileViewModelUnitTests.swift */ = {isa = PBXFileReference; lastKnownFileType = sourcecode.swift; path = GitUserProfileViewModelUnitTests.swift; sourceTree = "<group>"; };
		F4C4BAB02AF3D88F00FFB4B2 /* SearchViewModelUnitTests.swift */ = {isa = PBXFileReference; lastKnownFileType = sourcecode.swift; path = SearchViewModelUnitTests.swift; sourceTree = "<group>"; };
		F4C4BAB22AF3D8CF00FFB4B2 /* EngagementViewModelUnitTests.swift */ = {isa = PBXFileReference; lastKnownFileType = sourcecode.swift; path = EngagementViewModelUnitTests.swift; sourceTree = "<group>"; };
		F4C4BAB52AF3DB6000FFB4B2 /* LocalDataManager.xcdatamodel */ = {isa = PBXFileReference; lastKnownFileType = wrapper.xcdatamodel; path = LocalDataManager.xcdatamodel; sourceTree = "<group>"; };
		F4C4BAB82AF3DD6E00FFB4B2 /* CoreDataManager.swift */ = {isa = PBXFileReference; lastKnownFileType = sourcecode.swift; path = CoreDataManager.swift; sourceTree = "<group>"; };
		F4C4BABA2AF4C06600FFB4B2 /* StoredGitUsersTableCell.swift */ = {isa = PBXFileReference; lastKnownFileType = sourcecode.swift; path = StoredGitUsersTableCell.swift; sourceTree = "<group>"; };
		F4C4BABD2AF4C11D00FFB4B2 /* GitUserProfileView.swift */ = {isa = PBXFileReference; lastKnownFileType = sourcecode.swift; path = GitUserProfileView.swift; sourceTree = "<group>"; };
		F4C4BABF2AF4ECAB00FFB4B2 /* GitUser+CoreDataClass.swift */ = {isa = PBXFileReference; lastKnownFileType = sourcecode.swift; path = "GitUser+CoreDataClass.swift"; sourceTree = "<group>"; };
/* End PBXFileReference section */

/* Begin PBXFrameworksBuildPhase section */
		F47C916D2AF0BC1900F3D587 /* Frameworks */ = {
			isa = PBXFrameworksBuildPhase;
			buildActionMask = 2147483647;
			files = (
				F4C4BA962AF3699700FFB4B2 /* RxSwift in Frameworks */,
				F4C4BA942AF3699700FFB4B2 /* RxRelay in Frameworks */,
				F4C4BA922AF3699700FFB4B2 /* RxCocoa in Frameworks */,
			);
			runOnlyForDeploymentPostprocessing = 0;
		};
		F47C91952AF0F8C400F3D587 /* Frameworks */ = {
			isa = PBXFrameworksBuildPhase;
			buildActionMask = 2147483647;
			files = (
			);
			runOnlyForDeploymentPostprocessing = 0;
		};
/* End PBXFrameworksBuildPhase section */

/* Begin PBXGroup section */
		F4355D192AF215D700C70622 /* Search */ = {
			isa = PBXGroup;
			children = (
				F4355D1A2AF215FD00C70622 /* SearchCoordinator.swift */,
				F47C91772AF0BC1900F3D587 /* SearchViewController.swift */,
				F4B0ACD12AF22A3500E672D5 /* SearchViewModel.swift */,
				F4C4BABA2AF4C06600FFB4B2 /* StoredGitUsersTableCell.swift */,
			);
			path = Search;
			sourceTree = "<group>";
		};
		F47C91672AF0BC1900F3D587 = {
			isa = PBXGroup;
			children = (
				F47C91722AF0BC1900F3D587 /* SearchGithub */,
				F47C91992AF0F8C500F3D587 /* SearchGithubUnitTests */,
				F47C91712AF0BC1900F3D587 /* Products */,
			);
			sourceTree = "<group>";
		};
		F47C91712AF0BC1900F3D587 /* Products */ = {
			isa = PBXGroup;
			children = (
				F47C91702AF0BC1900F3D587 /* SearchGithub.app */,
				F47C91982AF0F8C400F3D587 /* SearchGithubUnitTests.xctest */,
			);
			name = Products;
			sourceTree = "<group>";
		};
		F47C91722AF0BC1900F3D587 /* SearchGithub */ = {
			isa = PBXGroup;
			children = (
				F47C91872AF0BC5D00F3D587 /* AppCoordinator */,
				F4C4BABC2AF4C0F100FFB4B2 /* Components */,
				F4C4BAA22AF39F3700FFB4B2 /* Engagement */,
				F4C4BA8B2AF3692D00FFB4B2 /* GitUserProfile */,
				F4C4BAB72AF3DB6800FFB4B2 /* localDataManager */,
				F47C918F2AF0F0B600F3D587 /* Networking */,
				F4355D192AF215D700C70622 /* Search */,
				F4C4BA972AF36AAF00FFB4B2 /* SearchResults */,
				F47C91732AF0BC1900F3D587 /* AppDelegate.swift */,
				F47C91752AF0BC1900F3D587 /* SceneDelegate.swift */,
				F47C917C2AF0BC1C00F3D587 /* Assets.xcassets */,
				F47C917E2AF0BC1C00F3D587 /* LaunchScreen.storyboard */,
				F47C91812AF0BC1C00F3D587 /* Info.plist */,
			);
			path = SearchGithub;
			sourceTree = "<group>";
		};
		F47C91872AF0BC5D00F3D587 /* AppCoordinator */ = {
			isa = PBXGroup;
			children = (
				F47C91882AF0BC7600F3D587 /* AppCoordinator.swift */,
			);
			path = AppCoordinator;
			sourceTree = "<group>";
		};
		F47C918F2AF0F0B600F3D587 /* Networking */ = {
			isa = PBXGroup;
			children = (
				F47C91902AF0F0CF00F3D587 /* QueryBuilder.swift */,
				F47C91922AF0F10C00F3D587 /* NetworkManager.swift */,
			);
			path = Networking;
			sourceTree = "<group>";
		};
		F47C91992AF0F8C500F3D587 /* SearchGithubUnitTests */ = {
			isa = PBXGroup;
			children = (
				F47C91A62AF0FD3400F3D587 /* Services */,
				F47C91A12AF0F8D500F3D587 /* Networking */,
				F4C4BAA92AF3D75700FFB4B2 /* ViewModels */,
				F47C919A2AF0F8C500F3D587 /* SearchGithubUnitTests.swift */,
			);
			path = SearchGithubUnitTests;
			sourceTree = "<group>";
		};
		F47C91A12AF0F8D500F3D587 /* Networking */ = {
			isa = PBXGroup;
			children = (
				F47C91A22AF0F8EB00F3D587 /* QueryBuilderUnitTests.swift */,
				F47C91A42AF0FAF400F3D587 /* NetworkingManagerUnitTests.swift */,
			);
			path = Networking;
			sourceTree = "<group>";
		};
		F47C91A62AF0FD3400F3D587 /* Services */ = {
			isa = PBXGroup;
			children = (
				F47C91A72AF0FD4900F3D587 /* MockURLSession.swift */,
			);
			path = Services;
			sourceTree = "<group>";
		};
		F4C4BA8B2AF3692D00FFB4B2 /* GitUserProfile */ = {
			isa = PBXGroup;
			children = (
				F4C4BAA02AF39D9C00FFB4B2 /* GitUserModel.swift */,
				F4C4BA8C2AF3692D00FFB4B2 /* GitUserProfileCoordinator.swift */,
				F4C4BA8D2AF3692D00FFB4B2 /* GitUserProfileViewController.swift */,
				F4C4BA9E2AF394DF00FFB4B2 /* GitUserProfileViewModel.swift */,
			);
			path = GitUserProfile;
			sourceTree = "<group>";
		};
		F4C4BA972AF36AAF00FFB4B2 /* SearchResults */ = {
			isa = PBXGroup;
			children = (
				F4C4BA982AF36AAF00FFB4B2 /* SearchResultsViewController.swift */,
				F4C4BA992AF36AAF00FFB4B2 /* SearchResultsTableCell.swift */,
				F4C4BA9A2AF36AAF00FFB4B2 /* SearchResultsViewModel.swift */,
			);
			path = SearchResults;
			sourceTree = "<group>";
		};
		F4C4BAA22AF39F3700FFB4B2 /* Engagement */ = {
			isa = PBXGroup;
			children = (
				F4C4BAA72AF3A61C00FFB4B2 /* EngagementCoordinator.swift */,
				F4C4BAA52AF39F8200FFB4B2 /* EngagementViewController.swift */,
				F4C4BAA32AF39F5400FFB4B2 /* EngagementViewModel.swift */,
			);
			path = Engagement;
			sourceTree = "<group>";
		};
		F4C4BAA92AF3D75700FFB4B2 /* ViewModels */ = {
			isa = PBXGroup;
			children = (
				F4C4BAAA2AF3D77A00FFB4B2 /* ViewModelsUnitTests.swift */,
				F4C4BAAC2AF3D7C000FFB4B2 /* SearchResultsUnitTests.swift */,
				F4C4BAAE2AF3D81800FFB4B2 /* GitUserProfileViewModelUnitTests.swift */,
				F4C4BAB02AF3D88F00FFB4B2 /* SearchViewModelUnitTests.swift */,
				F4C4BAB22AF3D8CF00FFB4B2 /* EngagementViewModelUnitTests.swift */,
			);
			path = ViewModels;
			sourceTree = "<group>";
		};
		F4C4BAB72AF3DB6800FFB4B2 /* localDataManager */ = {
			isa = PBXGroup;
			children = (
				F4C4BAB82AF3DD6E00FFB4B2 /* CoreDataManager.swift */,
				F4C4BABF2AF4ECAB00FFB4B2 /* GitUser+CoreDataClass.swift */,
				F4C4BAB42AF3DB6000FFB4B2 /* LocalDataManager.xcdatamodeld */,
			);
			path = localDataManager;
			sourceTree = "<group>";
		};
		F4C4BABC2AF4C0F100FFB4B2 /* Components */ = {
			isa = PBXGroup;
			children = (
				F4C4BABD2AF4C11D00FFB4B2 /* GitUserProfileView.swift */,
				F4C4BA892AF3690600FFB4B2 /* RemoteImage.swift */,
			);
			path = Components;
			sourceTree = "<group>";
		};
/* End PBXGroup section */

/* Begin PBXNativeTarget section */
		F47C916F2AF0BC1900F3D587 /* SearchGithub */ = {
			isa = PBXNativeTarget;
			buildConfigurationList = F47C91842AF0BC1C00F3D587 /* Build configuration list for PBXNativeTarget "SearchGithub" */;
			buildPhases = (
				F47C916C2AF0BC1900F3D587 /* Sources */,
				F47C916D2AF0BC1900F3D587 /* Frameworks */,
				F47C916E2AF0BC1900F3D587 /* Resources */,
			);
			buildRules = (
			);
			dependencies = (
			);
			name = SearchGithub;
			packageProductDependencies = (
				F4C4BA912AF3699700FFB4B2 /* RxCocoa */,
				F4C4BA932AF3699700FFB4B2 /* RxRelay */,
				F4C4BA952AF3699700FFB4B2 /* RxSwift */,
			);
			productName = SearchGithub;
			productReference = F47C91702AF0BC1900F3D587 /* SearchGithub.app */;
			productType = "com.apple.product-type.application";
		};
		F47C91972AF0F8C400F3D587 /* SearchGithubUnitTests */ = {
			isa = PBXNativeTarget;
			buildConfigurationList = F47C919E2AF0F8C500F3D587 /* Build configuration list for PBXNativeTarget "SearchGithubUnitTests" */;
			buildPhases = (
				F47C91942AF0F8C400F3D587 /* Sources */,
				F47C91952AF0F8C400F3D587 /* Frameworks */,
				F47C91962AF0F8C400F3D587 /* Resources */,
			);
			buildRules = (
			);
			dependencies = (
				F47C919D2AF0F8C500F3D587 /* PBXTargetDependency */,
			);
			name = SearchGithubUnitTests;
			productName = SearchGithubUnitTests;
			productReference = F47C91982AF0F8C400F3D587 /* SearchGithubUnitTests.xctest */;
			productType = "com.apple.product-type.bundle.unit-test";
		};
/* End PBXNativeTarget section */

/* Begin PBXProject section */
		F47C91682AF0BC1900F3D587 /* Project object */ = {
			isa = PBXProject;
			attributes = {
				BuildIndependentTargetsInParallel = 1;
				LastSwiftUpdateCheck = 1430;
				LastUpgradeCheck = 1430;
				TargetAttributes = {
					F47C916F2AF0BC1900F3D587 = {
						CreatedOnToolsVersion = 14.3.1;
					};
					F47C91972AF0F8C400F3D587 = {
						CreatedOnToolsVersion = 14.3.1;
						TestTargetID = F47C916F2AF0BC1900F3D587;
					};
				};
			};
			buildConfigurationList = F47C916B2AF0BC1900F3D587 /* Build configuration list for PBXProject "SearchGithub" */;
			compatibilityVersion = "Xcode 14.0";
			developmentRegion = en;
			hasScannedForEncodings = 0;
			knownRegions = (
				en,
				Base,
			);
			mainGroup = F47C91672AF0BC1900F3D587;
			packageReferences = (
				F4C4BA902AF3699700FFB4B2 /* XCRemoteSwiftPackageReference "RxSwift" */,
			);
			productRefGroup = F47C91712AF0BC1900F3D587 /* Products */;
			projectDirPath = "";
			projectRoot = "";
			targets = (
				F47C916F2AF0BC1900F3D587 /* SearchGithub */,
				F47C91972AF0F8C400F3D587 /* SearchGithubUnitTests */,
			);
		};
/* End PBXProject section */

/* Begin PBXResourcesBuildPhase section */
		F47C916E2AF0BC1900F3D587 /* Resources */ = {
			isa = PBXResourcesBuildPhase;
			buildActionMask = 2147483647;
			files = (
				F47C91802AF0BC1C00F3D587 /* LaunchScreen.storyboard in Resources */,
				F47C917D2AF0BC1C00F3D587 /* Assets.xcassets in Resources */,
			);
			runOnlyForDeploymentPostprocessing = 0;
		};
		F47C91962AF0F8C400F3D587 /* Resources */ = {
			isa = PBXResourcesBuildPhase;
			buildActionMask = 2147483647;
			files = (
			);
			runOnlyForDeploymentPostprocessing = 0;
		};
/* End PBXResourcesBuildPhase section */

/* Begin PBXSourcesBuildPhase section */
		F47C916C2AF0BC1900F3D587 /* Sources */ = {
			isa = PBXSourcesBuildPhase;
			buildActionMask = 2147483647;
			files = (
				F4B0ACD22AF22A3500E672D5 /* SearchViewModel.swift in Sources */,
				F4C4BAB62AF3DB6000FFB4B2 /* LocalDataManager.xcdatamodeld in Sources */,
				F4C4BAA12AF39D9C00FFB4B2 /* GitUserModel.swift in Sources */,
				F4C4BA9B2AF36AAF00FFB4B2 /* SearchResultsViewController.swift in Sources */,
				F47C91912AF0F0CF00F3D587 /* QueryBuilder.swift in Sources */,
				F4C4BAC12AF4ECAB00FFB4B2 /* GitUser+CoreDataClass.swift in Sources */,
				F4C4BA9C2AF36AAF00FFB4B2 /* SearchResultsTableCell.swift in Sources */,
				F47C91892AF0BC7600F3D587 /* AppCoordinator.swift in Sources */,
				F4C4BA8A2AF3690600FFB4B2 /* RemoteImage.swift in Sources */,
				F47C91782AF0BC1900F3D587 /* SearchViewController.swift in Sources */,
				F4355D1B2AF215FD00C70622 /* SearchCoordinator.swift in Sources */,
				F4C4BAA62AF39F8200FFB4B2 /* EngagementViewController.swift in Sources */,
				F4C4BAA42AF39F5400FFB4B2 /* EngagementViewModel.swift in Sources */,
				F4C4BAB92AF3DD6E00FFB4B2 /* CoreDataManager.swift in Sources */,
				F47C91932AF0F10C00F3D587 /* NetworkManager.swift in Sources */,
				F4C4BA8E2AF3692D00FFB4B2 /* GitUserProfileCoordinator.swift in Sources */,
				F4C4BABB2AF4C06600FFB4B2 /* StoredGitUsersTableCell.swift in Sources */,
				F4C4BAA82AF3A61C00FFB4B2 /* EngagementCoordinator.swift in Sources */,
				F4C4BA8F2AF3692D00FFB4B2 /* GitUserProfileViewController.swift in Sources */,
				F4C4BABE2AF4C11D00FFB4B2 /* GitUserProfileView.swift in Sources */,
				F4C4BA9D2AF36AAF00FFB4B2 /* SearchResultsViewModel.swift in Sources */,
				F47C91742AF0BC1900F3D587 /* AppDelegate.swift in Sources */,
				F47C91762AF0BC1900F3D587 /* SceneDelegate.swift in Sources */,
				F4C4BA9F2AF394DF00FFB4B2 /* GitUserProfileViewModel.swift in Sources */,
			);
			runOnlyForDeploymentPostprocessing = 0;
		};
		F47C91942AF0F8C400F3D587 /* Sources */ = {
			isa = PBXSourcesBuildPhase;
			buildActionMask = 2147483647;
			files = (
				F4C4BAAD2AF3D7C000FFB4B2 /* SearchResultsUnitTests.swift in Sources */,
				F47C91A82AF0FD4900F3D587 /* MockURLSession.swift in Sources */,
				F47C91A32AF0F8EB00F3D587 /* QueryBuilderUnitTests.swift in Sources */,
				F4C4BAAF2AF3D81800FFB4B2 /* GitUserProfileViewModelUnitTests.swift in Sources */,
				F47C919B2AF0F8C500F3D587 /* SearchGithubUnitTests.swift in Sources */,
				F47C91A52AF0FAF400F3D587 /* NetworkingManagerUnitTests.swift in Sources */,
				F4C4BAB12AF3D88F00FFB4B2 /* SearchViewModelUnitTests.swift in Sources */,
				F4C4BAAB2AF3D77A00FFB4B2 /* ViewModelsUnitTests.swift in Sources */,
				F4C4BAB32AF3D8CF00FFB4B2 /* EngagementViewModelUnitTests.swift in Sources */,
			);
			runOnlyForDeploymentPostprocessing = 0;
		};
/* End PBXSourcesBuildPhase section */

/* Begin PBXTargetDependency section */
		F47C919D2AF0F8C500F3D587 /* PBXTargetDependency */ = {
			isa = PBXTargetDependency;
			target = F47C916F2AF0BC1900F3D587 /* SearchGithub */;
			targetProxy = F47C919C2AF0F8C500F3D587 /* PBXContainerItemProxy */;
		};
/* End PBXTargetDependency section */

/* Begin PBXVariantGroup section */
		F47C917E2AF0BC1C00F3D587 /* LaunchScreen.storyboard */ = {
			isa = PBXVariantGroup;
			children = (
				F47C917F2AF0BC1C00F3D587 /* Base */,
			);
			name = LaunchScreen.storyboard;
			sourceTree = "<group>";
		};
/* End PBXVariantGroup section */

/* Begin XCBuildConfiguration section */
		F47C91822AF0BC1C00F3D587 /* Debug */ = {
			isa = XCBuildConfiguration;
			buildSettings = {
				ALWAYS_SEARCH_USER_PATHS = NO;
				CLANG_ANALYZER_NONNULL = YES;
				CLANG_ANALYZER_NUMBER_OBJECT_CONVERSION = YES_AGGRESSIVE;
				CLANG_CXX_LANGUAGE_STANDARD = "gnu++20";
				CLANG_ENABLE_MODULES = YES;
				CLANG_ENABLE_OBJC_ARC = YES;
				CLANG_ENABLE_OBJC_WEAK = YES;
				CLANG_WARN_BLOCK_CAPTURE_AUTORELEASING = YES;
				CLANG_WARN_BOOL_CONVERSION = YES;
				CLANG_WARN_COMMA = YES;
				CLANG_WARN_CONSTANT_CONVERSION = YES;
				CLANG_WARN_DEPRECATED_OBJC_IMPLEMENTATIONS = YES;
				CLANG_WARN_DIRECT_OBJC_ISA_USAGE = YES_ERROR;
				CLANG_WARN_DOCUMENTATION_COMMENTS = YES;
				CLANG_WARN_EMPTY_BODY = YES;
				CLANG_WARN_ENUM_CONVERSION = YES;
				CLANG_WARN_INFINITE_RECURSION = YES;
				CLANG_WARN_INT_CONVERSION = YES;
				CLANG_WARN_NON_LITERAL_NULL_CONVERSION = YES;
				CLANG_WARN_OBJC_IMPLICIT_RETAIN_SELF = YES;
				CLANG_WARN_OBJC_LITERAL_CONVERSION = YES;
				CLANG_WARN_OBJC_ROOT_CLASS = YES_ERROR;
				CLANG_WARN_QUOTED_INCLUDE_IN_FRAMEWORK_HEADER = YES;
				CLANG_WARN_RANGE_LOOP_ANALYSIS = YES;
				CLANG_WARN_STRICT_PROTOTYPES = YES;
				CLANG_WARN_SUSPICIOUS_MOVE = YES;
				CLANG_WARN_UNGUARDED_AVAILABILITY = YES_AGGRESSIVE;
				CLANG_WARN_UNREACHABLE_CODE = YES;
				CLANG_WARN__DUPLICATE_METHOD_MATCH = YES;
				COPY_PHASE_STRIP = NO;
				DEBUG_INFORMATION_FORMAT = dwarf;
				ENABLE_STRICT_OBJC_MSGSEND = YES;
				ENABLE_TESTABILITY = YES;
				GCC_C_LANGUAGE_STANDARD = gnu11;
				GCC_DYNAMIC_NO_PIC = NO;
				GCC_NO_COMMON_BLOCKS = YES;
				GCC_OPTIMIZATION_LEVEL = 0;
				GCC_PREPROCESSOR_DEFINITIONS = (
					"DEBUG=1",
					"$(inherited)",
				);
				GCC_WARN_64_TO_32_BIT_CONVERSION = YES;
				GCC_WARN_ABOUT_RETURN_TYPE = YES_ERROR;
				GCC_WARN_UNDECLARED_SELECTOR = YES;
				GCC_WARN_UNINITIALIZED_AUTOS = YES_AGGRESSIVE;
				GCC_WARN_UNUSED_FUNCTION = YES;
				GCC_WARN_UNUSED_VARIABLE = YES;
				IPHONEOS_DEPLOYMENT_TARGET = 16.4;
				MTL_ENABLE_DEBUG_INFO = INCLUDE_SOURCE;
				MTL_FAST_MATH = YES;
				ONLY_ACTIVE_ARCH = YES;
				SDKROOT = iphoneos;
				SWIFT_ACTIVE_COMPILATION_CONDITIONS = DEBUG;
				SWIFT_OPTIMIZATION_LEVEL = "-Onone";
			};
			name = Debug;
		};
		F47C91832AF0BC1C00F3D587 /* Release */ = {
			isa = XCBuildConfiguration;
			buildSettings = {
				ALWAYS_SEARCH_USER_PATHS = NO;
				CLANG_ANALYZER_NONNULL = YES;
				CLANG_ANALYZER_NUMBER_OBJECT_CONVERSION = YES_AGGRESSIVE;
				CLANG_CXX_LANGUAGE_STANDARD = "gnu++20";
				CLANG_ENABLE_MODULES = YES;
				CLANG_ENABLE_OBJC_ARC = YES;
				CLANG_ENABLE_OBJC_WEAK = YES;
				CLANG_WARN_BLOCK_CAPTURE_AUTORELEASING = YES;
				CLANG_WARN_BOOL_CONVERSION = YES;
				CLANG_WARN_COMMA = YES;
				CLANG_WARN_CONSTANT_CONVERSION = YES;
				CLANG_WARN_DEPRECATED_OBJC_IMPLEMENTATIONS = YES;
				CLANG_WARN_DIRECT_OBJC_ISA_USAGE = YES_ERROR;
				CLANG_WARN_DOCUMENTATION_COMMENTS = YES;
				CLANG_WARN_EMPTY_BODY = YES;
				CLANG_WARN_ENUM_CONVERSION = YES;
				CLANG_WARN_INFINITE_RECURSION = YES;
				CLANG_WARN_INT_CONVERSION = YES;
				CLANG_WARN_NON_LITERAL_NULL_CONVERSION = YES;
				CLANG_WARN_OBJC_IMPLICIT_RETAIN_SELF = YES;
				CLANG_WARN_OBJC_LITERAL_CONVERSION = YES;
				CLANG_WARN_OBJC_ROOT_CLASS = YES_ERROR;
				CLANG_WARN_QUOTED_INCLUDE_IN_FRAMEWORK_HEADER = YES;
				CLANG_WARN_RANGE_LOOP_ANALYSIS = YES;
				CLANG_WARN_STRICT_PROTOTYPES = YES;
				CLANG_WARN_SUSPICIOUS_MOVE = YES;
				CLANG_WARN_UNGUARDED_AVAILABILITY = YES_AGGRESSIVE;
				CLANG_WARN_UNREACHABLE_CODE = YES;
				CLANG_WARN__DUPLICATE_METHOD_MATCH = YES;
				COPY_PHASE_STRIP = NO;
				DEBUG_INFORMATION_FORMAT = "dwarf-with-dsym";
				ENABLE_NS_ASSERTIONS = NO;
				ENABLE_STRICT_OBJC_MSGSEND = YES;
				GCC_C_LANGUAGE_STANDARD = gnu11;
				GCC_NO_COMMON_BLOCKS = YES;
				GCC_WARN_64_TO_32_BIT_CONVERSION = YES;
				GCC_WARN_ABOUT_RETURN_TYPE = YES_ERROR;
				GCC_WARN_UNDECLARED_SELECTOR = YES;
				GCC_WARN_UNINITIALIZED_AUTOS = YES_AGGRESSIVE;
				GCC_WARN_UNUSED_FUNCTION = YES;
				GCC_WARN_UNUSED_VARIABLE = YES;
				IPHONEOS_DEPLOYMENT_TARGET = 16.4;
				MTL_ENABLE_DEBUG_INFO = NO;
				MTL_FAST_MATH = YES;
				SDKROOT = iphoneos;
				SWIFT_COMPILATION_MODE = wholemodule;
				SWIFT_OPTIMIZATION_LEVEL = "-O";
				VALIDATE_PRODUCT = YES;
			};
			name = Release;
		};
		F47C91852AF0BC1C00F3D587 /* Debug */ = {
			isa = XCBuildConfiguration;
			buildSettings = {
				ASSETCATALOG_COMPILER_APPICON_NAME = AppIcon;
				ASSETCATALOG_COMPILER_GLOBAL_ACCENT_COLOR_NAME = AccentColor;
				CODE_SIGN_STYLE = Automatic;
				CURRENT_PROJECT_VERSION = 1;
				GENERATE_INFOPLIST_FILE = YES;
				INFOPLIST_FILE = SearchGithub/Info.plist;
				INFOPLIST_KEY_UIApplicationSupportsIndirectInputEvents = YES;
				INFOPLIST_KEY_UILaunchStoryboardName = LaunchScreen;
				INFOPLIST_KEY_UISupportedInterfaceOrientations = "UIInterfaceOrientationLandscapeLeft UIInterfaceOrientationLandscapeRight UIInterfaceOrientationPortrait";
				INFOPLIST_KEY_UISupportedInterfaceOrientations_iPad = "UIInterfaceOrientationLandscapeLeft UIInterfaceOrientationLandscapeRight UIInterfaceOrientationPortrait UIInterfaceOrientationPortraitUpsideDown";
				IPHONEOS_DEPLOYMENT_TARGET = 15.0;
				LD_RUNPATH_SEARCH_PATHS = (
					"$(inherited)",
					"@executable_path/Frameworks",
				);
				MARKETING_VERSION = 1.0;
				PRODUCT_BUNDLE_IDENTIFIER = app.ibirori.rw.SearchGithub;
				PRODUCT_NAME = "$(TARGET_NAME)";
				SUPPORTED_PLATFORMS = "iphoneos iphonesimulator";
				SUPPORTS_MACCATALYST = NO;
				SUPPORTS_MAC_DESIGNED_FOR_IPHONE_IPAD = NO;
				SWIFT_EMIT_LOC_STRINGS = YES;
				SWIFT_VERSION = 5.0;
				TARGETED_DEVICE_FAMILY = "1,2";
			};
			name = Debug;
		};
		F47C91862AF0BC1C00F3D587 /* Release */ = {
			isa = XCBuildConfiguration;
			buildSettings = {
				ASSETCATALOG_COMPILER_APPICON_NAME = AppIcon;
				ASSETCATALOG_COMPILER_GLOBAL_ACCENT_COLOR_NAME = AccentColor;
				CODE_SIGN_STYLE = Automatic;
				CURRENT_PROJECT_VERSION = 1;
				GENERATE_INFOPLIST_FILE = YES;
				INFOPLIST_FILE = SearchGithub/Info.plist;
				INFOPLIST_KEY_UIApplicationSupportsIndirectInputEvents = YES;
				INFOPLIST_KEY_UILaunchStoryboardName = LaunchScreen;
				INFOPLIST_KEY_UISupportedInterfaceOrientations = "UIInterfaceOrientationLandscapeLeft UIInterfaceOrientationLandscapeRight UIInterfaceOrientationPortrait";
				INFOPLIST_KEY_UISupportedInterfaceOrientations_iPad = "UIInterfaceOrientationLandscapeLeft UIInterfaceOrientationLandscapeRight UIInterfaceOrientationPortrait UIInterfaceOrientationPortraitUpsideDown";
				IPHONEOS_DEPLOYMENT_TARGET = 15.0;
				LD_RUNPATH_SEARCH_PATHS = (
					"$(inherited)",
					"@executable_path/Frameworks",
				);
				MARKETING_VERSION = 1.0;
				PRODUCT_BUNDLE_IDENTIFIER = app.ibirori.rw.SearchGithub;
				PRODUCT_NAME = "$(TARGET_NAME)";
				SUPPORTED_PLATFORMS = "iphoneos iphonesimulator";
				SUPPORTS_MACCATALYST = NO;
				SUPPORTS_MAC_DESIGNED_FOR_IPHONE_IPAD = NO;
				SWIFT_EMIT_LOC_STRINGS = YES;
				SWIFT_VERSION = 5.0;
				TARGETED_DEVICE_FAMILY = "1,2";
			};
			name = Release;
		};
		F47C919F2AF0F8C500F3D587 /* Debug */ = {
			isa = XCBuildConfiguration;
			buildSettings = {
				BUNDLE_LOADER = "$(TEST_HOST)";
				CODE_SIGN_STYLE = Automatic;
				CURRENT_PROJECT_VERSION = 1;
				GENERATE_INFOPLIST_FILE = YES;
				MARKETING_VERSION = 1.0;
				PRODUCT_BUNDLE_IDENTIFIER = app.ibirori.rw.SearchGithubUnitTests;
				PRODUCT_NAME = "$(TARGET_NAME)";
				SWIFT_EMIT_LOC_STRINGS = NO;
				SWIFT_VERSION = 5.0;
				TARGETED_DEVICE_FAMILY = "1,2";
				TEST_HOST = "$(BUILT_PRODUCTS_DIR)/SearchGithub.app/$(BUNDLE_EXECUTABLE_FOLDER_PATH)/SearchGithub";
			};
			name = Debug;
		};
		F47C91A02AF0F8C500F3D587 /* Release */ = {
			isa = XCBuildConfiguration;
			buildSettings = {
				BUNDLE_LOADER = "$(TEST_HOST)";
				CODE_SIGN_STYLE = Automatic;
				CURRENT_PROJECT_VERSION = 1;
				GENERATE_INFOPLIST_FILE = YES;
				MARKETING_VERSION = 1.0;
				PRODUCT_BUNDLE_IDENTIFIER = app.ibirori.rw.SearchGithubUnitTests;
				PRODUCT_NAME = "$(TARGET_NAME)";
				SWIFT_EMIT_LOC_STRINGS = NO;
				SWIFT_VERSION = 5.0;
				TARGETED_DEVICE_FAMILY = "1,2";
				TEST_HOST = "$(BUILT_PRODUCTS_DIR)/SearchGithub.app/$(BUNDLE_EXECUTABLE_FOLDER_PATH)/SearchGithub";
			};
			name = Release;
		};
/* End XCBuildConfiguration section */

/* Begin XCConfigurationList section */
		F47C916B2AF0BC1900F3D587 /* Build configuration list for PBXProject "SearchGithub" */ = {
			isa = XCConfigurationList;
			buildConfigurations = (
				F47C91822AF0BC1C00F3D587 /* Debug */,
				F47C91832AF0BC1C00F3D587 /* Release */,
			);
			defaultConfigurationIsVisible = 0;
			defaultConfigurationName = Release;
		};
		F47C91842AF0BC1C00F3D587 /* Build configuration list for PBXNativeTarget "SearchGithub" */ = {
			isa = XCConfigurationList;
			buildConfigurations = (
				F47C91852AF0BC1C00F3D587 /* Debug */,
				F47C91862AF0BC1C00F3D587 /* Release */,
			);
			defaultConfigurationIsVisible = 0;
			defaultConfigurationName = Release;
		};
		F47C919E2AF0F8C500F3D587 /* Build configuration list for PBXNativeTarget "SearchGithubUnitTests" */ = {
			isa = XCConfigurationList;
			buildConfigurations = (
				F47C919F2AF0F8C500F3D587 /* Debug */,
				F47C91A02AF0F8C500F3D587 /* Release */,
			);
			defaultConfigurationIsVisible = 0;
			defaultConfigurationName = Release;
		};
/* End XCConfigurationList section */

/* Begin XCRemoteSwiftPackageReference section */
		F4C4BA902AF3699700FFB4B2 /* XCRemoteSwiftPackageReference "RxSwift" */ = {
			isa = XCRemoteSwiftPackageReference;
			repositoryURL = "https://github.com/ReactiveX/RxSwift";
			requirement = {
				kind = upToNextMajorVersion;
				minimumVersion = 6.0.0;
			};
		};
/* End XCRemoteSwiftPackageReference section */

/* Begin XCSwiftPackageProductDependency section */
		F4C4BA912AF3699700FFB4B2 /* RxCocoa */ = {
			isa = XCSwiftPackageProductDependency;
			package = F4C4BA902AF3699700FFB4B2 /* XCRemoteSwiftPackageReference "RxSwift" */;
			productName = RxCocoa;
		};
		F4C4BA932AF3699700FFB4B2 /* RxRelay */ = {
			isa = XCSwiftPackageProductDependency;
			package = F4C4BA902AF3699700FFB4B2 /* XCRemoteSwiftPackageReference "RxSwift" */;
			productName = RxRelay;
		};
		F4C4BA952AF3699700FFB4B2 /* RxSwift */ = {
			isa = XCSwiftPackageProductDependency;
			package = F4C4BA902AF3699700FFB4B2 /* XCRemoteSwiftPackageReference "RxSwift" */;
			productName = RxSwift;
		};
/* End XCSwiftPackageProductDependency section */

/* Begin XCVersionGroup section */
		F4C4BAB42AF3DB6000FFB4B2 /* LocalDataManager.xcdatamodeld */ = {
			isa = XCVersionGroup;
			children = (
				F4C4BAB52AF3DB6000FFB4B2 /* LocalDataManager.xcdatamodel */,
			);
			currentVersion = F4C4BAB52AF3DB6000FFB4B2 /* LocalDataManager.xcdatamodel */;
			path = LocalDataManager.xcdatamodeld;
			sourceTree = "<group>";
			versionGroupType = wrapper.xcdatamodel;
		};
/* End XCVersionGroup section */
	};
	rootObject = F47C91682AF0BC1900F3D587 /* Project object */;
}
